
Microsoft Visual Studio Solution File, Format Version 12.00
# Visual Studio Version 17
VisualStudioVersion = 17.11.35222.181
MinimumVisualStudioVersion = 10.0.40219.1
Project("{9A19103F-16F7-4668-BE54-9A1E7A4F7556}") = "CellularAutomata", "CellularAutomata.csproj", "{396C0FB1-290C-4BC2-8340-EC24EBBACF9C}"
EndProject
Global
	GlobalSection(SolutionConfigurationPlatforms) = preSolution
		Debug|Any CPU = Debug|Any CPU
		Release|Any CPU = Release|Any CPU
	EndGlobalSection
	GlobalSection(ProjectConfigurationPlatforms) = postSolution
		{396C0FB1-290C-4BC2-8340-EC24EBBACF9C}.Debug|Any CPU.ActiveCfg = Debug|Any CPU
		{396C0FB1-290C-4BC2-8340-EC24EBBACF9C}.Debug|Any CPU.Build.0 = Debug|Any CPU
		{396C0FB1-290C-4BC2-8340-EC24EBBACF9C}.Release|Any CPU.ActiveCfg = Release|Any CPU
		{396C0FB1-290C-4BC2-8340-EC24EBBACF9C}.Release|Any CPU.Build.0 = Release|Any CPU
	EndGlobalSection
	GlobalSection(SolutionProperties) = preSolution
		HideSolutionNode = FALSE
	EndGlobalSection
	GlobalSection(ExtensibilityGlobals) = postSolution
		SolutionGuid = {8C762ED7-1FCB-4006-A683-85D8328D456C}
	EndGlobalSection
EndGlobal
